// !$*UTF8*$!
{
	archiveVersion = 1;
	classes = {
	};
	objectVersion = 55;
	objects = {

/* Begin PBXBuildFile section */
		9C4C33F9287CBAC100C7271E /* samplejson.json in Resources */ = {isa = PBXBuildFile; fileRef = 9C4C33F8287CBAC100C7271E /* samplejson.json */; };
		9CC96399287CB6290013859D /* AppDelegate.swift in Sources */ = {isa = PBXBuildFile; fileRef = 9CC96398287CB6290013859D /* AppDelegate.swift */; };
		9CC9639B287CB6290013859D /* SceneDelegate.swift in Sources */ = {isa = PBXBuildFile; fileRef = 9CC9639A287CB6290013859D /* SceneDelegate.swift */; };
		9CC9639D287CB6290013859D /* ViewController.swift in Sources */ = {isa = PBXBuildFile; fileRef = 9CC9639C287CB6290013859D /* ViewController.swift */; };
		9CC963A0287CB6290013859D /* Main.storyboard in Resources */ = {isa = PBXBuildFile; fileRef = 9CC9639E287CB6290013859D /* Main.storyboard */; };
		9CC963A2287CB62A0013859D /* Assets.xcassets in Resources */ = {isa = PBXBuildFile; fileRef = 9CC963A1287CB62A0013859D /* Assets.xcassets */; };
		9CC963A5287CB62A0013859D /* LaunchScreen.storyboard in Resources */ = {isa = PBXBuildFile; fileRef = 9CC963A3287CB62A0013859D /* LaunchScreen.storyboard */; };
		C0F64938F93BF82D8BBB460A /* Pods_networkTestingMocking.framework in Frameworks */ = {isa = PBXBuildFile; fileRef = AE896FF011FF13FA9158121C /* Pods_networkTestingMocking.framework */; };
/* End PBXBuildFile section */

/* Begin PBXFileReference section */
		9C4C33F8287CBAC100C7271E /* samplejson.json */ = {isa = PBXFileReference; lastKnownFileType = text.json; path = samplejson.json; sourceTree = "<group>"; };
		9CC96395287CB6290013859D /* networkTestingMocking.app */ = {isa = PBXFileReference; explicitFileType = wrapper.application; includeInIndex = 0; path = networkTestingMocking.app; sourceTree = BUILT_PRODUCTS_DIR; };
		9CC96398287CB6290013859D /* AppDelegate.swift */ = {isa = PBXFileReference; lastKnownFileType = sourcecode.swift; path = AppDelegate.swift; sourceTree = "<group>"; };
		9CC9639A287CB6290013859D /* SceneDelegate.swift */ = {isa = PBXFileReference; lastKnownFileType = sourcecode.swift; path = SceneDelegate.swift; sourceTree = "<group>"; };
		9CC9639C287CB6290013859D /* ViewController.swift */ = {isa = PBXFileReference; lastKnownFileType = sourcecode.swift; path = ViewController.swift; sourceTree = "<group>"; };
		9CC9639F287CB6290013859D /* Base */ = {isa = PBXFileReference; lastKnownFileType = file.storyboard; name = Base; path = Base.lproj/Main.storyboard; sourceTree = "<group>"; };
		9CC963A1287CB62A0013859D /* Assets.xcassets */ = {isa = PBXFileReference; lastKnownFileType = folder.assetcatalog; path = Assets.xcassets; sourceTree = "<group>"; };
		9CC963A4287CB62A0013859D /* Base */ = {isa = PBXFileReference; lastKnownFileType = file.storyboard; name = Base; path = Base.lproj/LaunchScreen.storyboard; sourceTree = "<group>"; };
		9CC963A6287CB62A0013859D /* Info.plist */ = {isa = PBXFileReference; lastKnownFileType = text.plist.xml; path = Info.plist; sourceTree = "<group>"; };
		AAA0BA4D9510707CA03753F7 /* Pods-networkTestingMocking.debug.xcconfig */ = {isa = PBXFileReference; includeInIndex = 1; lastKnownFileType = text.xcconfig; name = "Pods-networkTestingMocking.debug.xcconfig"; path = "Target Support Files/Pods-networkTestingMocking/Pods-networkTestingMocking.debug.xcconfig"; sourceTree = "<group>"; };
		AE896FF011FF13FA9158121C /* Pods_networkTestingMocking.framework */ = {isa = PBXFileReference; explicitFileType = wrapper.framework; includeInIndex = 0; path = Pods_networkTestingMocking.framework; sourceTree = BUILT_PRODUCTS_DIR; };
		E9A5E7FA4177BA40DFC38B87 /* Pods-networkTestingMocking.release.xcconfig */ = {isa = PBXFileReference; includeInIndex = 1; lastKnownFileType = text.xcconfig; name = "Pods-networkTestingMocking.release.xcconfig"; path = "Target Support Files/Pods-networkTestingMocking/Pods-networkTestingMocking.release.xcconfig"; sourceTree = "<group>"; };
/* End PBXFileReference section */

/* Begin PBXFrameworksBuildPhase section */
		9CC96392287CB6290013859D /* Frameworks */ = {
			isa = PBXFrameworksBuildPhase;
			buildActionMask = 2147483647;
			files = (
				C0F64938F93BF82D8BBB460A /* Pods_networkTestingMocking.framework in Frameworks */,
			);
			runOnlyForDeploymentPostprocessing = 0;
		};
/* End PBXFrameworksBuildPhase section */

/* Begin PBXGroup section */
		668D1F7505FB857862172015 /* Frameworks */ = {
			isa = PBXGroup;
			children = (
				AE896FF011FF13FA9158121C /* Pods_networkTestingMocking.framework */,
			);
			name = Frameworks;
			sourceTree = "<group>";
		};
		6E0CFFBB785E6CFD3C02DB77 /* Pods */ = {
			isa = PBXGroup;
			children = (
				AAA0BA4D9510707CA03753F7 /* Pods-networkTestingMocking.debug.xcconfig */,
				E9A5E7FA4177BA40DFC38B87 /* Pods-networkTestingMocking.release.xcconfig */,
			);
			path = Pods;
			sourceTree = "<group>";
		};
		9CC9638C287CB6290013859D = {
			isa = PBXGroup;
			children = (
				9CC96397287CB6290013859D /* networkTestingMocking */,
				9CC96396287CB6290013859D /* Products */,
				6E0CFFBB785E6CFD3C02DB77 /* Pods */,
				668D1F7505FB857862172015 /* Frameworks */,
			);
			sourceTree = "<group>";
		};
		9CC96396287CB6290013859D /* Products */ = {
			isa = PBXGroup;
			children = (
				9CC96395287CB6290013859D /* networkTestingMocking.app */,
			);
			name = Products;
			sourceTree = "<group>";
		};
		9CC96397287CB6290013859D /* networkTestingMocking */ = {
			isa = PBXGroup;
			children = (
				9CC96398287CB6290013859D /* AppDelegate.swift */,
				9CC9639A287CB6290013859D /* SceneDelegate.swift */,
				9CC9639C287CB6290013859D /* ViewController.swift */,
				9CC9639E287CB6290013859D /* Main.storyboard */,
				9CC963A1287CB62A0013859D /* Assets.xcassets */,
				9CC963A3287CB62A0013859D /* LaunchScreen.storyboard */,
				9CC963A6287CB62A0013859D /* Info.plist */,
				9C4C33F8287CBAC100C7271E /* samplejson.json */,
			);
			path = networkTestingMocking;
			sourceTree = "<group>";
		};
/* End PBXGroup section */

/* Begin PBXNativeTarget section */
		9CC96394287CB6290013859D /* networkTestingMocking */ = {
			isa = PBXNativeTarget;
			buildConfigurationList = 9CC963A9287CB62A0013859D /* Build configuration list for PBXNativeTarget "networkTestingMocking" */;
			buildPhases = (
				1CCB4E503E472CD55E824FB7 /* [CP] Check Pods Manifest.lock */,
				9CC96391287CB6290013859D /* Sources */,
				9CC96392287CB6290013859D /* Frameworks */,
				9CC96393287CB6290013859D /* Resources */,
				E2D8C63282B0C345B3A8EF58 /* [CP] Embed Pods Frameworks */,
			);
			buildRules = (
			);
			dependencies = (
			);
			name = networkTestingMocking;
			productName = networkTestingMocking;
			productReference = 9CC96395287CB6290013859D /* networkTestingMocking.app */;
			productType = "com.apple.product-type.application";
		};
/* End PBXNativeTarget section */

/* Begin PBXProject section */
		9CC9638D287CB6290013859D /* Project object */ = {
			isa = PBXProject;
			attributes = {
				BuildIndependentTargetsInParallel = 1;
				LastSwiftUpdateCheck = 1320;
				LastUpgradeCheck = 1320;
				TargetAttributes = {
					9CC96394287CB6290013859D = {
						CreatedOnToolsVersion = 13.2.1;
					};
				};
			};
			buildConfigurationList = 9CC96390287CB6290013859D /* Build configuration list for PBXProject "networkTestingMocking" */;
			compatibilityVersion = "Xcode 13.0";
			developmentRegion = en;
			hasScannedForEncodings = 0;
			knownRegions = (
				en,
				Base,
			);
			mainGroup = 9CC9638C287CB6290013859D;
			productRefGroup = 9CC96396287CB6290013859D /* Products */;
			projectDirPath = "";
			projectRoot = "";
			targets = (
				9CC96394287CB6290013859D /* networkTestingMocking */,
			);
		};
/* End PBXProject section */

/* Begin PBXResourcesBuildPhase section */
		9CC96393287CB6290013859D /* Resources */ = {
			isa = PBXResourcesBuildPhase;
			buildActionMask = 2147483647;
			files = (
				9CC963A5287CB62A0013859D /* LaunchScreen.storyboard in Resources */,
				9CC963A2287CB62A0013859D /* Assets.xcassets in Resources */,
				9CC963A0287CB6290013859D /* Main.storyboard in Resources */,
				9C4C33F9287CBAC100C7271E /* samplejson.json in Resources */,
			);
			runOnlyForDeploymentPostprocessing = 0;
		};
/* End PBXResourcesBuildPhase section */

/* Begin PBXShellScriptBuildPhase section */
		1CCB4E503E472CD55E824FB7 /* [CP] Check Pods Manifest.lock */ = {
			isa = PBXShellScriptBuildPhase;
			buildActionMask = 2147483647;
			files = (
			);
			inputFileListPaths = (
			);
			inputPaths = (
				"${PODS_PODFILE_DIR_PATH}/Podfile.lock",
				"${PODS_ROOT}/Manifest.lock",
			);
			name = "[CP] Check Pods Manifest.lock";
			outputFileListPaths = (
			);
			outputPaths = (
				"$(DERIVED_FILE_DIR)/Pods-networkTestingMocking-checkManifestLockResult.txt",
			);
			runOnlyForDeploymentPostprocessing = 0;
			shellPath = /bin/sh;
			shellScript = "diff \"${PODS_PODFILE_DIR_PATH}/Podfile.lock\" \"${PODS_ROOT}/Manifest.lock\" > /dev/null\nif [ $? != 0 ] ; then\n    # print error to STDERR\n    echo \"error: The sandbox is not in sync with the Podfile.lock. Run 'pod install' or update your CocoaPods installation.\" >&2\n    exit 1\nfi\n# This output is used by Xcode 'outputs' to avoid re-running this script phase.\necho \"SUCCESS\" > \"${SCRIPT_OUTPUT_FILE_0}\"\n";
			showEnvVarsInLog = 0;
		};
		E2D8C63282B0C345B3A8EF58 /* [CP] Embed Pods Frameworks */ = {
			isa = PBXShellScriptBuildPhase;
			buildActionMask = 2147483647;
			files = (
			);
			inputFileListPaths = (
				"${PODS_ROOT}/Target Support Files/Pods-networkTestingMocking/Pods-networkTestingMocking-frameworks-${CONFIGURATION}-input-files.xcfilelist",
			);
			name = "[CP] Embed Pods Frameworks";
			outputFileListPaths = (
				"${PODS_ROOT}/Target Support Files/Pods-networkTestingMocking/Pods-networkTestingMocking-frameworks-${CONFIGURATION}-output-files.xcfilelist",
			);
			runOnlyForDeploymentPostprocessing = 0;
			shellPath = /bin/sh;
			shellScript = "\"${PODS_ROOT}/Target Support Files/Pods-networkTestingMocking/Pods-networkTestingMocking-frameworks.sh\"\n";
			showEnvVarsInLog = 0;
		};
/* End PBXShellScriptBuildPhase section */

/* Begin PBXSourcesBuildPhase section */
		9CC96391287CB6290013859D /* Sources */ = {
			isa = PBXSourcesBuildPhase;
			buildActionMask = 2147483647;
			files = (
				9CC9639D287CB6290013859D /* ViewController.swift in Sources */,
				9CC96399287CB6290013859D /* AppDelegate.swift in Sources */,
				9CC9639B287CB6290013859D /* SceneDelegate.swift in Sources */,
			);
			runOnlyForDeploymentPostprocessing = 0;
		};
/* End PBXSourcesBuildPhase section */

/* Begin PBXVariantGroup section */
		9CC9639E287CB6290013859D /* Main.storyboard */ = {
			isa = PBXVariantGroup;
			children = (
				9CC9639F287CB6290013859D /* Base */,
			);
			name = Main.storyboard;
			sourceTree = "<group>";
		};
		9CC963A3287CB62A0013859D /* LaunchScreen.storyboard */ = {
			isa = PBXVariantGroup;
			children = (
				9CC963A4287CB62A0013859D /* Base */,
			);
			name = LaunchScreen.storyboard;
			sourceTree = "<group>";
		};
/* End PBXVariantGroup section */

/* Begin XCBuildConfiguration section */
		9CC963A7287CB62A0013859D /* Debug */ = {
			isa = XCBuildConfiguration;
			buildSettings = {
				ALWAYS_SEARCH_USER_PATHS = NO;
				CLANG_ANALYZER_NONNULL = YES;
				CLANG_ANALYZER_NUMBER_OBJECT_CONVERSION = YES_AGGRESSIVE;
				CLANG_CXX_LANGUAGE_STANDARD = "gnu++17";
				CLANG_CXX_LIBRARY = "libc++";
				CLANG_ENABLE_MODULES = YES;
				CLANG_ENABLE_OBJC_ARC = YES;
				CLANG_ENABLE_OBJC_WEAK = YES;
				CLANG_WARN_BLOCK_CAPTURE_AUTORELEASING = YES;
				CLANG_WARN_BOOL_CONVERSION = YES;
				CLANG_WARN_COMMA = YES;
				CLANG_WARN_CONSTANT_CONVERSION = YES;
				CLANG_WARN_DEPRECATED_OBJC_IMPLEMENTATIONS = YES;
				CLANG_WARN_DIRECT_OBJC_ISA_USAGE = YES_ERROR;
				CLANG_WARN_DOCUMENTATION_COMMENTS = YES;
				CLANG_WARN_EMPTY_BODY = YES;
				CLANG_WARN_ENUM_CONVERSION = YES;
				CLANG_WARN_INFINITE_RECURSION = YES;
				CLANG_WARN_INT_CONVERSION = YES;
				CLANG_WARN_NON_LITERAL_NULL_CONVERSION = YES;
				CLANG_WARN_OBJC_IMPLICIT_RETAIN_SELF = YES;
				CLANG_WARN_OBJC_LITERAL_CONVERSION = YES;
				CLANG_WARN_OBJC_ROOT_CLASS = YES_ERROR;
				CLANG_WARN_QUOTED_INCLUDE_IN_FRAMEWORK_HEADER = YES;
				CLANG_WARN_RANGE_LOOP_ANALYSIS = YES;
				CLANG_WARN_STRICT_PROTOTYPES = YES;
				CLANG_WARN_SUSPICIOUS_MOVE = YES;
				CLANG_WARN_UNGUARDED_AVAILABILITY = YES_AGGRESSIVE;
				CLANG_WARN_UNREACHABLE_CODE = YES;
				CLANG_WARN__DUPLICATE_METHOD_MATCH = YES;
				COPY_PHASE_STRIP = NO;
				DEBUG_INFORMATION_FORMAT = dwarf;
				ENABLE_STRICT_OBJC_MSGSEND = YES;
				ENABLE_TESTABILITY = YES;
				GCC_C_LANGUAGE_STANDARD = gnu11;
				GCC_DYNAMIC_NO_PIC = NO;
				GCC_NO_COMMON_BLOCKS = YES;
				GCC_OPTIMIZATION_LEVEL = 0;
				GCC_PREPROCESSOR_DEFINITIONS = (
					"DEBUG=1",
					"$(inherited)",
				);
				GCC_WARN_64_TO_32_BIT_CONVERSION = YES;
				GCC_WARN_ABOUT_RETURN_TYPE = YES_ERROR;
				GCC_WARN_UNDECLARED_SELECTOR = YES;
				GCC_WARN_UNINITIALIZED_AUTOS = YES_AGGRESSIVE;
				GCC_WARN_UNUSED_FUNCTION = YES;
				GCC_WARN_UNUSED_VARIABLE = YES;
				IPHONEOS_DEPLOYMENT_TARGET = 15.2;
				MTL_ENABLE_DEBUG_INFO = INCLUDE_SOURCE;
				MTL_FAST_MATH = YES;
				ONLY_ACTIVE_ARCH = YES;
				SDKROOT = iphoneos;
				SWIFT_ACTIVE_COMPILATION_CONDITIONS = DEBUG;
				SWIFT_OPTIMIZATION_LEVEL = "-Onone";
			};
			name = Debug;
		};
		9CC963A8287CB62A0013859D /* Release */ = {
			isa = XCBuildConfiguration;
			buildSettings = {
				ALWAYS_SEARCH_USER_PATHS = NO;
				CLANG_ANALYZER_NONNULL = YES;
				CLANG_ANALYZER_NUMBER_OBJECT_CONVERSION = YES_AGGRESSIVE;
				CLANG_CXX_LANGUAGE_STANDARD = "gnu++17";
				CLANG_CXX_LIBRARY = "libc++";
				CLANG_ENABLE_MODULES = YES;
				CLANG_ENABLE_OBJC_ARC = YES;
				CLANG_ENABLE_OBJC_WEAK = YES;
				CLANG_WARN_BLOCK_CAPTURE_AUTORELEASING = YES;
				CLANG_WARN_BOOL_CONVERSION = YES;
				CLANG_WARN_COMMA = YES;
				CLANG_WARN_CONSTANT_CONVERSION = YES;
				CLANG_WARN_DEPRECATED_OBJC_IMPLEMENTATIONS = YES;
				CLANG_WARN_DIRECT_OBJC_ISA_USAGE = YES_ERROR;
				CLANG_WARN_DOCUMENTATION_COMMENTS = YES;
				CLANG_WARN_EMPTY_BODY = YES;
				CLANG_WARN_ENUM_CONVERSION = YES;
				CLANG_WARN_INFINITE_RECURSION = YES;
				CLANG_WARN_INT_CONVERSION = YES;
				CLANG_WARN_NON_LITERAL_NULL_CONVERSION = YES;
				CLANG_WARN_OBJC_IMPLICIT_RETAIN_SELF = YES;
				CLANG_WARN_OBJC_LITERAL_CONVERSION = YES;
				CLANG_WARN_OBJC_ROOT_CLASS = YES_ERROR;
				CLANG_WARN_QUOTED_INCLUDE_IN_FRAMEWORK_HEADER = YES;
				CLANG_WARN_RANGE_LOOP_ANALYSIS = YES;
				CLANG_WARN_STRICT_PROTOTYPES = YES;
				CLANG_WARN_SUSPICIOUS_MOVE = YES;
				CLANG_WARN_UNGUARDED_AVAILABILITY = YES_AGGRESSIVE;
				CLANG_WARN_UNREACHABLE_CODE = YES;
				CLANG_WARN__DUPLICATE_METHOD_MATCH = YES;
				COPY_PHASE_STRIP = NO;
				DEBUG_INFORMATION_FORMAT = "dwarf-with-dsym";
				ENABLE_NS_ASSERTIONS = NO;
				ENABLE_STRICT_OBJC_MSGSEND = YES;
				GCC_C_LANGUAGE_STANDARD = gnu11;
				GCC_NO_COMMON_BLOCKS = YES;
				GCC_WARN_64_TO_32_BIT_CONVERSION = YES;
				GCC_WARN_ABOUT_RETURN_TYPE = YES_ERROR;
				GCC_WARN_UNDECLARED_SELECTOR = YES;
				GCC_WARN_UNINITIALIZED_AUTOS = YES_AGGRESSIVE;
				GCC_WARN_UNUSED_FUNCTION = YES;
				GCC_WARN_UNUSED_VARIABLE = YES;
				IPHONEOS_DEPLOYMENT_TARGET = 15.2;
				MTL_ENABLE_DEBUG_INFO = NO;
				MTL_FAST_MATH = YES;
				SDKROOT = iphoneos;
				SWIFT_COMPILATION_MODE = wholemodule;
				SWIFT_OPTIMIZATION_LEVEL = "-O";
				VALIDATE_PRODUCT = YES;
			};
			name = Release;
		};
		9CC963AA287CB62A0013859D /* Debug */ = {
			isa = XCBuildConfiguration;
			baseConfigurationReference = AAA0BA4D9510707CA03753F7 /* Pods-networkTestingMocking.debug.xcconfig */;
			buildSettings = {
				ASSETCATALOG_COMPILER_APPICON_NAME = AppIcon;
				ASSETCATALOG_COMPILER_GLOBAL_ACCENT_COLOR_NAME = AccentColor;
				CODE_SIGN_STYLE = Automatic;
				CURRENT_PROJECT_VERSION = 1;
				DEVELOPMENT_TEAM = 5L637C2H24;
				GENERATE_INFOPLIST_FILE = YES;
				INFOPLIST_FILE = networkTestingMocking/Info.plist;
				INFOPLIST_KEY_UIApplicationSupportsIndirectInputEvents = YES;
				INFOPLIST_KEY_UILaunchStoryboardName = LaunchScreen;
				INFOPLIST_KEY_UIMainStoryboardFile = Main;
				INFOPLIST_KEY_UISupportedInterfaceOrientations_iPad = "UIInterfaceOrientationPortrait UIInterfaceOrientationPortraitUpsideDown UIInterfaceOrientationLandscapeLeft UIInterfaceOrientationLandscapeRight";
				INFOPLIST_KEY_UISupportedInterfaceOrientations_iPhone = "UIInterfaceOrientationPortrait UIInterfaceOrientationLandscapeLeft UIInterfaceOrientationLandscapeRight";
				LD_RUNPATH_SEARCH_PATHS = (
					"$(inherited)",
					"@executable_path/Frameworks",
				);
				MARKETING_VERSION = 1.0;
				PRODUCT_BUNDLE_IDENTIFIER = com.example.networkTestingMocking;
				PRODUCT_NAME = "$(TARGET_NAME)";
				SWIFT_EMIT_LOC_STRINGS = YES;
				SWIFT_VERSION = 5.0;
				TARGETED_DEVICE_FAMILY = "1,2";
			};
			name = Debug;
		};
		9CC963AB287CB62A0013859D /* Release */ = {
			isa = XCBuildConfiguration;
			baseConfigurationReference = E9A5E7FA4177BA40DFC38B87 /* Pods-networkTestingMocking.release.xcconfig */;
			buildSettings = {
				ASSETCATALOG_COMPILER_APPICON_NAME = AppIcon;
				ASSETCATALOG_COMPILER_GLOBAL_ACCENT_COLOR_NAME = AccentColor;
				CODE_SIGN_STYLE = Automatic;
				CURRENT_PROJECT_VERSION = 1;
				DEVELOPMENT_TEAM = 5L637C2H24;
				GENERATE_INFOPLIST_FILE = YES;
				INFOPLIST_FILE = networkTestingMocking/Info.plist;
				INFOPLIST_KEY_UIApplicationSupportsIndirectInputEvents = YES;
				INFOPLIST_KEY_UILaunchStoryboardName = LaunchScreen;
				INFOPLIST_KEY_UIMainStoryboardFile = Main;
				INFOPLIST_KEY_UISupportedInterfaceOrientations_iPad = "UIInterfaceOrientationPortrait UIInterfaceOrientationPortraitUpsideDown UIInterfaceOrientationLandscapeLeft UIInterfaceOrientationLandscapeRight";
				INFOPLIST_KEY_UISupportedInterfaceOrientations_iPhone = "UIInterfaceOrientationPortrait UIInterfaceOrientationLandscapeLeft UIInterfaceOrientationLandscapeRight";
				LD_RUNPATH_SEARCH_PATHS = (
					"$(inherited)",
					"@executable_path/Frameworks",
				);
				MARKETING_VERSION = 1.0;
				PRODUCT_BUNDLE_IDENTIFIER = com.example.networkTestingMocking;
				PRODUCT_NAME = "$(TARGET_NAME)";
				SWIFT_EMIT_LOC_STRINGS = YES;
				SWIFT_VERSION = 5.0;
				TARGETED_DEVICE_FAMILY = "1,2";
			};
			name = Release;
		};
/* End XCBuildConfiguration section */

/* Begin XCConfigurationList section */
		9CC96390287CB6290013859D /* Build configuration list for PBXProject "networkTestingMocking" */ = {
			isa = XCConfigurationList;
			buildConfigurations = (
				9CC963A7287CB62A0013859D /* Debug */,
				9CC963A8287CB62A0013859D /* Release */,
			);
			defaultConfigurationIsVisible = 0;
			defaultConfigurationName = Release;
		};
		9CC963A9287CB62A0013859D /* Build configuration list for PBXNativeTarget "networkTestingMocking" */ = {
			isa = XCConfigurationList;
			buildConfigurations = (
				9CC963AA287CB62A0013859D /* Debug */,
				9CC963AB287CB62A0013859D /* Release */,
			);
			defaultConfigurationIsVisible = 0;
			defaultConfigurationName = Release;
		};
/* End XCConfigurationList section */
	};
	rootObject = 9CC9638D287CB6290013859D /* Project object */;
}
